
Microsoft Visual Studio Solution File, Format Version 12.00
# Visual Studio Version 16
VisualStudioVersion = 16.0.30711.63
MinimumVisualStudioVersion = 10.0.40219.1
Project("{FAE04EC0-301F-11D3-BF4B-00C04F79EFBC}") = "Rendezesek", "Rendezesek\Rendezesek.csproj", "{2A93CF19-E66A-4CA6-B214-F261B26EA5B8}"
EndProject
Global
	GlobalSection(SolutionConfigurationPlatforms) = preSolution
		Debug|Any CPU = Debug|Any CPU
		Release|Any CPU = Release|Any CPU
	EndGlobalSection
	GlobalSection(ProjectConfigurationPlatforms) = postSolution
		{2A93CF19-E66A-4CA6-B214-F261B26EA5B8}.Debug|Any CPU.ActiveCfg = Debug|Any CPU
		{2A93CF19-E66A-4CA6-B214-F261B26EA5B8}.Debug|Any CPU.Build.0 = Debug|Any CPU
		{2A93CF19-E66A-4CA6-B214-F261B26EA5B8}.Release|Any CPU.ActiveCfg = Release|Any CPU
		{2A93CF19-E66A-4CA6-B214-F261B26EA5B8}.Release|Any CPU.Build.0 = Release|Any CPU
	EndGlobalSection
	GlobalSection(SolutionProperties) = preSolution
		HideSolutionNode = FALSE
	EndGlobalSection
	GlobalSection(ExtensibilityGlobals) = postSolution
		SolutionGuid = {D6D302CF-6628-4463-B673-D1E73206E603}
	EndGlobalSection
EndGlobal
